
Microsoft Visual Studio Solution File, Format Version 12.00
# Visual Studio Version 17
VisualStudioVersion = 17.4.33205.214
MinimumVisualStudioVersion = 10.0.40219.1
Project("{FAE04EC0-301F-11D3-BF4B-00C04F79EFBC}") = "SilentPartner.IdentityService", "SilentPartner.IdentityService\SilentPartner.IdentityService.csproj", "{9C0B3FF0-9F3E-4AF6-BFF3-8285EE5EC29C}"
EndProject
Global
	GlobalSection(SolutionConfigurationPlatforms) = preSolution
		Debug|Any CPU = Debug|Any CPU
		Release|Any CPU = Release|Any CPU
	EndGlobalSection
	GlobalSection(ProjectConfigurationPlatforms) = postSolution
		{9C0B3FF0-9F3E-4AF6-BFF3-8285EE5EC29C}.Debug|Any CPU.ActiveCfg = Debug|Any CPU
		{9C0B3FF0-9F3E-4AF6-BFF3-8285EE5EC29C}.Debug|Any CPU.Build.0 = Debug|Any CPU
		{9C0B3FF0-9F3E-4AF6-BFF3-8285EE5EC29C}.Release|Any CPU.ActiveCfg = Release|Any CPU
		{9C0B3FF0-9F3E-4AF6-BFF3-8285EE5EC29C}.Release|Any CPU.Build.0 = Release|Any CPU
	EndGlobalSection
	GlobalSection(SolutionProperties) = preSolution
		HideSolutionNode = FALSE
	EndGlobalSection
	GlobalSection(ExtensibilityGlobals) = postSolution
		SolutionGuid = {C34A3808-626F-4130-95B7-448BE193F6F6}
	EndGlobalSection
EndGlobal
